
Microsoft Visual Studio Solution File, Format Version 12.00
# Visual Studio Version 17
VisualStudioVersion = 17.14.36408.4 d17.14
MinimumVisualStudioVersion = 10.0.40219.1
Project("{FAE04EC0-301F-11D3-BF4B-00C04F79EFBC}") = "BarbershopManager", "BarbershopManager.csproj", "{928B76DA-7010-429C-B14E-51740C52DCAA}"
EndProject
Global
	GlobalSection(SolutionConfigurationPlatforms) = preSolution
		Debug|Any CPU = Debug|Any CPU
		Release|Any CPU = Release|Any CPU
	EndGlobalSection
	GlobalSection(ProjectConfigurationPlatforms) = postSolution
		{928B76DA-7010-429C-B14E-51740C52DCAA}.Debug|Any CPU.ActiveCfg = Debug|Any CPU
		{928B76DA-7010-429C-B14E-51740C52DCAA}.Debug|Any CPU.Build.0 = Debug|Any CPU
		{928B76DA-7010-429C-B14E-51740C52DCAA}.Release|Any CPU.ActiveCfg = Release|Any CPU
		{928B76DA-7010-429C-B14E-51740C52DCAA}.Release|Any CPU.Build.0 = Release|Any CPU
	EndGlobalSection
	GlobalSection(SolutionProperties) = preSolution
		HideSolutionNode = FALSE
	EndGlobalSection
	GlobalSection(ExtensibilityGlobals) = postSolution
		SolutionGuid = {EA151826-5B81-4914-9350-BC2C339CE410}
	EndGlobalSection
EndGlobal
